
Microsoft Visual Studio Solution File, Format Version 12.00
# Visual Studio Version 17
VisualStudioVersion = 17.11.35327.3
MinimumVisualStudioVersion = 10.0.40219.1
Project("{9A19103F-16F7-4668-BE54-9A1E7A4F7556}") = "ContaBancariaHeranca", "ContaBancariaHeranca\ContaBancariaHeranca.csproj", "{2DDF1BEF-3B77-4825-84B2-28FB6077C558}"
EndProject
Project("{FAE04EC0-301F-11D3-BF4B-00C04F79EFBC}") = "Pessoa", "Pessoa\Pessoa.csproj", "{C27549EA-8CC9-4097-A61A-D0F8184171A2}"
EndProject
Global
	GlobalSection(SolutionConfigurationPlatforms) = preSolution
		Debug|Any CPU = Debug|Any CPU
		Release|Any CPU = Release|Any CPU
	EndGlobalSection
	GlobalSection(ProjectConfigurationPlatforms) = postSolution
		{2DDF1BEF-3B77-4825-84B2-28FB6077C558}.Debug|Any CPU.ActiveCfg = Debug|Any CPU
		{2DDF1BEF-3B77-4825-84B2-28FB6077C558}.Debug|Any CPU.Build.0 = Debug|Any CPU
		{2DDF1BEF-3B77-4825-84B2-28FB6077C558}.Release|Any CPU.ActiveCfg = Release|Any CPU
		{2DDF1BEF-3B77-4825-84B2-28FB6077C558}.Release|Any CPU.Build.0 = Release|Any CPU
		{C27549EA-8CC9-4097-A61A-D0F8184171A2}.Debug|Any CPU.ActiveCfg = Debug|Any CPU
		{C27549EA-8CC9-4097-A61A-D0F8184171A2}.Debug|Any CPU.Build.0 = Debug|Any CPU
		{C27549EA-8CC9-4097-A61A-D0F8184171A2}.Release|Any CPU.ActiveCfg = Release|Any CPU
		{C27549EA-8CC9-4097-A61A-D0F8184171A2}.Release|Any CPU.Build.0 = Release|Any CPU
	EndGlobalSection
	GlobalSection(SolutionProperties) = preSolution
		HideSolutionNode = FALSE
	EndGlobalSection
	GlobalSection(ExtensibilityGlobals) = postSolution
		SolutionGuid = {4F5718E6-8129-4CC9-9742-577BF6C4ABAC}
	EndGlobalSection
EndGlobal
